
Microsoft Visual Studio Solution File, Format Version 12.00
# Visual Studio 15
VisualStudioVersion = 15.0.27004.2005
MinimumVisualStudioVersion = 10.0.40219.1
Project("{9A19103F-16F7-4668-BE54-9A1E7A4F7556}") = "Restaurant", "Restaurant\Restaurant.csproj", "{C06A1299-F39F-448B-9C1C-3F8B450BC2ED}"
EndProject
Global
	GlobalSection(SolutionConfigurationPlatforms) = preSolution
		Debug|Any CPU = Debug|Any CPU
		Release|Any CPU = Release|Any CPU
	EndGlobalSection
	GlobalSection(ProjectConfigurationPlatforms) = postSolution
		{C06A1299-F39F-448B-9C1C-3F8B450BC2ED}.Debug|Any CPU.ActiveCfg = Debug|Any CPU
		{C06A1299-F39F-448B-9C1C-3F8B450BC2ED}.Debug|Any CPU.Build.0 = Debug|Any CPU
		{C06A1299-F39F-448B-9C1C-3F8B450BC2ED}.Release|Any CPU.ActiveCfg = Release|Any CPU
		{C06A1299-F39F-448B-9C1C-3F8B450BC2ED}.Release|Any CPU.Build.0 = Release|Any CPU
	EndGlobalSection
	GlobalSection(SolutionProperties) = preSolution
		HideSolutionNode = FALSE
	EndGlobalSection
	GlobalSection(ExtensibilityGlobals) = postSolution
		SolutionGuid = {47A21834-EB27-48EE-A971-AAF1ACEFA901}
	EndGlobalSection
EndGlobal
